// !$*UTF8*$!
{
	archiveVersion = 1;
	classes = {
	};
	objectVersion = 55;
	objects = {

/* Begin PBXBuildFile section */
		7320E9A627C2AD2200C53AD7 /* AppSensor.swift in Sources */ = {isa = PBXBuildFile; fileRef = 7320E9A527C2AD2200C53AD7 /* AppSensor.swift */; };
		73A47C8827A3E5F2002E3546 /* buffer.json in Resources */ = {isa = PBXBuildFile; fileRef = 73A47C8727A3E5F2002E3546 /* buffer.json */; };
		73B827C3278F09B6006F0F18 /* NotificationMangementApp.swift in Sources */ = {isa = PBXBuildFile; fileRef = 73B827C2278F09B6006F0F18 /* NotificationMangementApp.swift */; };
		73B827C5278F09B6006F0F18 /* ContentView.swift in Sources */ = {isa = PBXBuildFile; fileRef = 73B827C4278F09B6006F0F18 /* ContentView.swift */; };
		73B827C7278F09B8006F0F18 /* Assets.xcassets in Resources */ = {isa = PBXBuildFile; fileRef = 73B827C6278F09B8006F0F18 /* Assets.xcassets */; };
		73B827CA278F09B8006F0F18 /* Preview Assets.xcassets in Resources */ = {isa = PBXBuildFile; fileRef = 73B827C9278F09B8006F0F18 /* Preview Assets.xcassets */; };
		73B827D4278F09B9006F0F18 /* NotificationMangementTests.swift in Sources */ = {isa = PBXBuildFile; fileRef = 73B827D3278F09B9006F0F18 /* NotificationMangementTests.swift */; };
		73B827DE278F09B9006F0F18 /* NotificationMangementUITests.swift in Sources */ = {isa = PBXBuildFile; fileRef = 73B827DD278F09B9006F0F18 /* NotificationMangementUITests.swift */; };
		73B827E0278F09B9006F0F18 /* NotificationMangementUITestsLaunchTests.swift in Sources */ = {isa = PBXBuildFile; fileRef = 73B827DF278F09B9006F0F18 /* NotificationMangementUITestsLaunchTests.swift */; };
		73B827EF278F12E8006F0F18 /* AppActions.swift in Sources */ = {isa = PBXBuildFile; fileRef = 73B827EE278F12E8006F0F18 /* AppActions.swift */; };
		73CDD3962790733500127024 /* Detail.swift in Sources */ = {isa = PBXBuildFile; fileRef = 73CDD3942790733500127024 /* Detail.swift */; };
		73CDD3972790733500127024 /* Row.swift in Sources */ = {isa = PBXBuildFile; fileRef = 73CDD3952790733500127024 /* Row.swift */; };
		73DF97A227C45D5B00608461 /* AppRewards.swift in Sources */ = {isa = PBXBuildFile; fileRef = 73DF97A127C45D5B00608461 /* AppRewards.swift */; };
		73EFAA7627D6730200448A6D /* RLModel.mlmodel in Sources */ = {isa = PBXBuildFile; fileRef = 73EFAA7527D6730200448A6D /* RLModel.mlmodel */; };
		73EFAA7827D6733F00448A6D /* SwiftRL in Frameworks */ = {isa = PBXBuildFile; productRef = 73EFAA7727D6733F00448A6D /* SwiftRL */; };
/* End PBXBuildFile section */

/* Begin PBXContainerItemProxy section */
		73B827D0278F09B9006F0F18 /* PBXContainerItemProxy */ = {
			isa = PBXContainerItemProxy;
			containerPortal = 73B827B7278F09B6006F0F18 /* Project object */;
			proxyType = 1;
			remoteGlobalIDString = 73B827BE278F09B6006F0F18;
			remoteInfo = NotificationMangement;
		};
		73B827DA278F09B9006F0F18 /* PBXContainerItemProxy */ = {
			isa = PBXContainerItemProxy;
			containerPortal = 73B827B7278F09B6006F0F18 /* Project object */;
			proxyType = 1;
			remoteGlobalIDString = 73B827BE278F09B6006F0F18;
			remoteInfo = NotificationMangement;
		};
/* End PBXContainerItemProxy section */

/* Begin PBXFileReference section */
		7320E9A527C2AD2200C53AD7 /* AppSensor.swift */ = {isa = PBXFileReference; lastKnownFileType = sourcecode.swift; path = AppSensor.swift; sourceTree = "<group>"; };
		73A47C8727A3E5F2002E3546 /* buffer.json */ = {isa = PBXFileReference; fileEncoding = 4; lastKnownFileType = text.json; path = buffer.json; sourceTree = "<group>"; };
		73B827BF278F09B6006F0F18 /* NotificationMangement.app */ = {isa = PBXFileReference; explicitFileType = wrapper.application; includeInIndex = 0; path = NotificationMangement.app; sourceTree = BUILT_PRODUCTS_DIR; };
		73B827C2278F09B6006F0F18 /* NotificationMangementApp.swift */ = {isa = PBXFileReference; lastKnownFileType = sourcecode.swift; path = NotificationMangementApp.swift; sourceTree = "<group>"; };
		73B827C4278F09B6006F0F18 /* ContentView.swift */ = {isa = PBXFileReference; lastKnownFileType = sourcecode.swift; path = ContentView.swift; sourceTree = "<group>"; };
		73B827C6278F09B8006F0F18 /* Assets.xcassets */ = {isa = PBXFileReference; lastKnownFileType = folder.assetcatalog; path = Assets.xcassets; sourceTree = "<group>"; };
		73B827C9278F09B8006F0F18 /* Preview Assets.xcassets */ = {isa = PBXFileReference; lastKnownFileType = folder.assetcatalog; path = "Preview Assets.xcassets"; sourceTree = "<group>"; };
		73B827CF278F09B9006F0F18 /* NotificationMangementTests.xctest */ = {isa = PBXFileReference; explicitFileType = wrapper.cfbundle; includeInIndex = 0; path = NotificationMangementTests.xctest; sourceTree = BUILT_PRODUCTS_DIR; };
		73B827D3278F09B9006F0F18 /* NotificationMangementTests.swift */ = {isa = PBXFileReference; lastKnownFileType = sourcecode.swift; path = NotificationMangementTests.swift; sourceTree = "<group>"; };
		73B827D9278F09B9006F0F18 /* NotificationMangementUITests.xctest */ = {isa = PBXFileReference; explicitFileType = wrapper.cfbundle; includeInIndex = 0; path = NotificationMangementUITests.xctest; sourceTree = BUILT_PRODUCTS_DIR; };
		73B827DD278F09B9006F0F18 /* NotificationMangementUITests.swift */ = {isa = PBXFileReference; lastKnownFileType = sourcecode.swift; path = NotificationMangementUITests.swift; sourceTree = "<group>"; };
		73B827DF278F09B9006F0F18 /* NotificationMangementUITestsLaunchTests.swift */ = {isa = PBXFileReference; lastKnownFileType = sourcecode.swift; path = NotificationMangementUITestsLaunchTests.swift; sourceTree = "<group>"; };
		73B827EE278F12E8006F0F18 /* AppActions.swift */ = {isa = PBXFileReference; lastKnownFileType = sourcecode.swift; path = AppActions.swift; sourceTree = "<group>"; };
		73CDD3912790367300127024 /* NotificationMangement.entitlements */ = {isa = PBXFileReference; lastKnownFileType = text.plist.entitlements; path = NotificationMangement.entitlements; sourceTree = "<group>"; };
		73CDD3942790733500127024 /* Detail.swift */ = {isa = PBXFileReference; fileEncoding = 4; lastKnownFileType = sourcecode.swift; name = Detail.swift; path = NotificationMangement/Detail.swift; sourceTree = SOURCE_ROOT; };
		73CDD3952790733500127024 /* Row.swift */ = {isa = PBXFileReference; fileEncoding = 4; lastKnownFileType = sourcecode.swift; name = Row.swift; path = NotificationMangement/Row.swift; sourceTree = SOURCE_ROOT; };
		73DF97A127C45D5B00608461 /* AppRewards.swift */ = {isa = PBXFileReference; lastKnownFileType = sourcecode.swift; path = AppRewards.swift; sourceTree = "<group>"; };
		73EFAA7427D672C200448A6D /* SwiftRL */ = {isa = PBXFileReference; lastKnownFileType = wrapper; name = SwiftRL; path = ../../Package/SwiftRL; sourceTree = "<group>"; };
		73EFAA7527D6730200448A6D /* RLModel.mlmodel */ = {isa = PBXFileReference; lastKnownFileType = file.mlmodel; path = RLModel.mlmodel; sourceTree = "<group>"; };
/* End PBXFileReference section */

/* Begin PBXFrameworksBuildPhase section */
		73B827BC278F09B6006F0F18 /* Frameworks */ = {
			isa = PBXFrameworksBuildPhase;
			buildActionMask = 2147483647;
			files = (
				73EFAA7827D6733F00448A6D /* SwiftRL in Frameworks */,
			);
			runOnlyForDeploymentPostprocessing = 0;
		};
		73B827CC278F09B9006F0F18 /* Frameworks */ = {
			isa = PBXFrameworksBuildPhase;
			buildActionMask = 2147483647;
			files = (
			);
			runOnlyForDeploymentPostprocessing = 0;
		};
		73B827D6278F09B9006F0F18 /* Frameworks */ = {
			isa = PBXFrameworksBuildPhase;
			buildActionMask = 2147483647;
			files = (
			);
			runOnlyForDeploymentPostprocessing = 0;
		};
/* End PBXFrameworksBuildPhase section */

/* Begin PBXGroup section */
		73B827B6278F09B6006F0F18 = {
			isa = PBXGroup;
			children = (
				73B827EC278F0B69006F0F18 /* Packages */,
				73B827C1278F09B6006F0F18 /* NotificationMangement */,
				73B827D2278F09B9006F0F18 /* NotificationMangementTests */,
				73B827DC278F09B9006F0F18 /* NotificationMangementUITests */,
				73B827C0278F09B6006F0F18 /* Products */,
				73B827F1278F21AC006F0F18 /* Frameworks */,
			);
			sourceTree = "<group>";
		};
		73B827C0278F09B6006F0F18 /* Products */ = {
			isa = PBXGroup;
			children = (
				73B827BF278F09B6006F0F18 /* NotificationMangement.app */,
				73B827CF278F09B9006F0F18 /* NotificationMangementTests.xctest */,
				73B827D9278F09B9006F0F18 /* NotificationMangementUITests.xctest */,
			);
			name = Products;
			sourceTree = "<group>";
		};
		73B827C1278F09B6006F0F18 /* NotificationMangement */ = {
			isa = PBXGroup;
			children = (
				73CDD3912790367300127024 /* NotificationMangement.entitlements */,
				73B827C2278F09B6006F0F18 /* NotificationMangementApp.swift */,
				73B827C4278F09B6006F0F18 /* ContentView.swift */,
				73A47C8727A3E5F2002E3546 /* buffer.json */,
				73EFAA7527D6730200448A6D /* RLModel.mlmodel */,
				73B827C6278F09B8006F0F18 /* Assets.xcassets */,
				73CDD3942790733500127024 /* Detail.swift */,
				73CDD3952790733500127024 /* Row.swift */,
				73B827C8278F09B8006F0F18 /* Preview Content */,
				73B827EE278F12E8006F0F18 /* AppActions.swift */,
				7320E9A527C2AD2200C53AD7 /* AppSensor.swift */,
				73DF97A127C45D5B00608461 /* AppRewards.swift */,
			);
			path = NotificationMangement;
			sourceTree = "<group>";
		};
		73B827C8278F09B8006F0F18 /* Preview Content */ = {
			isa = PBXGroup;
			children = (
				73B827C9278F09B8006F0F18 /* Preview Assets.xcassets */,
			);
			path = "Preview Content";
			sourceTree = "<group>";
		};
		73B827D2278F09B9006F0F18 /* NotificationMangementTests */ = {
			isa = PBXGroup;
			children = (
				73B827D3278F09B9006F0F18 /* NotificationMangementTests.swift */,
			);
			path = NotificationMangementTests;
			sourceTree = "<group>";
		};
		73B827DC278F09B9006F0F18 /* NotificationMangementUITests */ = {
			isa = PBXGroup;
			children = (
				73B827DD278F09B9006F0F18 /* NotificationMangementUITests.swift */,
				73B827DF278F09B9006F0F18 /* NotificationMangementUITestsLaunchTests.swift */,
			);
			path = NotificationMangementUITests;
			sourceTree = "<group>";
		};
		73B827EC278F0B69006F0F18 /* Packages */ = {
			isa = PBXGroup;
			children = (
				73EFAA7427D672C200448A6D /* SwiftRL */,
			);
			name = Packages;
			sourceTree = "<group>";
		};
		73B827F1278F21AC006F0F18 /* Frameworks */ = {
			isa = PBXGroup;
			children = (
			);
			name = Frameworks;
			sourceTree = "<group>";
		};
/* End PBXGroup section */

/* Begin PBXNativeTarget section */
		73B827BE278F09B6006F0F18 /* NotificationMangement */ = {
			isa = PBXNativeTarget;
			buildConfigurationList = 73B827E3278F09B9006F0F18 /* Build configuration list for PBXNativeTarget "NotificationMangement" */;
			buildPhases = (
				73B827BB278F09B6006F0F18 /* Sources */,
				73B827BC278F09B6006F0F18 /* Frameworks */,
				73B827BD278F09B6006F0F18 /* Resources */,
			);
			buildRules = (
			);
			dependencies = (
			);
			name = NotificationMangement;
			packageProductDependencies = (
				73EFAA7727D6733F00448A6D /* SwiftRL */,
			);
			productName = NotificationMangement;
			productReference = 73B827BF278F09B6006F0F18 /* NotificationMangement.app */;
			productType = "com.apple.product-type.application";
		};
		73B827CE278F09B9006F0F18 /* NotificationMangementTests */ = {
			isa = PBXNativeTarget;
			buildConfigurationList = 73B827E6278F09B9006F0F18 /* Build configuration list for PBXNativeTarget "NotificationMangementTests" */;
			buildPhases = (
				73B827CB278F09B9006F0F18 /* Sources */,
				73B827CC278F09B9006F0F18 /* Frameworks */,
				73B827CD278F09B9006F0F18 /* Resources */,
			);
			buildRules = (
			);
			dependencies = (
				73B827D1278F09B9006F0F18 /* PBXTargetDependency */,
			);
			name = NotificationMangementTests;
			productName = NotificationMangementTests;
			productReference = 73B827CF278F09B9006F0F18 /* NotificationMangementTests.xctest */;
			productType = "com.apple.product-type.bundle.unit-test";
		};
		73B827D8278F09B9006F0F18 /* NotificationMangementUITests */ = {
			isa = PBXNativeTarget;
			buildConfigurationList = 73B827E9278F09B9006F0F18 /* Build configuration list for PBXNativeTarget "NotificationMangementUITests" */;
			buildPhases = (
				73B827D5278F09B9006F0F18 /* Sources */,
				73B827D6278F09B9006F0F18 /* Frameworks */,
				73B827D7278F09B9006F0F18 /* Resources */,
			);
			buildRules = (
			);
			dependencies = (
				73B827DB278F09B9006F0F18 /* PBXTargetDependency */,
			);
			name = NotificationMangementUITests;
			productName = NotificationMangementUITests;
			productReference = 73B827D9278F09B9006F0F18 /* NotificationMangementUITests.xctest */;
			productType = "com.apple.product-type.bundle.ui-testing";
		};
/* End PBXNativeTarget section */

/* Begin PBXProject section */
		73B827B7278F09B6006F0F18 /* Project object */ = {
			isa = PBXProject;
			attributes = {
				BuildIndependentTargetsInParallel = 1;
				LastSwiftUpdateCheck = 1310;
				LastUpgradeCheck = 1310;
				TargetAttributes = {
					73B827BE278F09B6006F0F18 = {
						CreatedOnToolsVersion = 13.1;
					};
					73B827CE278F09B9006F0F18 = {
						CreatedOnToolsVersion = 13.1;
						TestTargetID = 73B827BE278F09B6006F0F18;
					};
					73B827D8278F09B9006F0F18 = {
						CreatedOnToolsVersion = 13.1;
						TestTargetID = 73B827BE278F09B6006F0F18;
					};
				};
			};
			buildConfigurationList = 73B827BA278F09B6006F0F18 /* Build configuration list for PBXProject "NotificationMangement" */;
			compatibilityVersion = "Xcode 13.0";
			developmentRegion = en;
			hasScannedForEncodings = 0;
			knownRegions = (
				en,
				Base,
			);
			mainGroup = 73B827B6278F09B6006F0F18;
			productRefGroup = 73B827C0278F09B6006F0F18 /* Products */;
			projectDirPath = "";
			projectRoot = "";
			targets = (
				73B827BE278F09B6006F0F18 /* NotificationMangement */,
				73B827CE278F09B9006F0F18 /* NotificationMangementTests */,
				73B827D8278F09B9006F0F18 /* NotificationMangementUITests */,
			);
		};
/* End PBXProject section */

/* Begin PBXResourcesBuildPhase section */
		73B827BD278F09B6006F0F18 /* Resources */ = {
			isa = PBXResourcesBuildPhase;
			buildActionMask = 2147483647;
			files = (
				73A47C8827A3E5F2002E3546 /* buffer.json in Resources */,
				73B827CA278F09B8006F0F18 /* Preview Assets.xcassets in Resources */,
				73B827C7278F09B8006F0F18 /* Assets.xcassets in Resources */,
			);
			runOnlyForDeploymentPostprocessing = 0;
		};
		73B827CD278F09B9006F0F18 /* Resources */ = {
			isa = PBXResourcesBuildPhase;
			buildActionMask = 2147483647;
			files = (
			);
			runOnlyForDeploymentPostprocessing = 0;
		};
		73B827D7278F09B9006F0F18 /* Resources */ = {
			isa = PBXResourcesBuildPhase;
			buildActionMask = 2147483647;
			files = (
			);
			runOnlyForDeploymentPostprocessing = 0;
		};
/* End PBXResourcesBuildPhase section */

/* Begin PBXSourcesBuildPhase section */
		73B827BB278F09B6006F0F18 /* Sources */ = {
			isa = PBXSourcesBuildPhase;
			buildActionMask = 2147483647;
			files = (
				73B827C5278F09B6006F0F18 /* ContentView.swift in Sources */,
				7320E9A627C2AD2200C53AD7 /* AppSensor.swift in Sources */,
				73B827C3278F09B6006F0F18 /* NotificationMangementApp.swift in Sources */,
				73DF97A227C45D5B00608461 /* AppRewards.swift in Sources */,
				73CDD3962790733500127024 /* Detail.swift in Sources */,
				73CDD3972790733500127024 /* Row.swift in Sources */,
				73EFAA7627D6730200448A6D /* RLModel.mlmodel in Sources */,
				73B827EF278F12E8006F0F18 /* AppActions.swift in Sources */,
			);
			runOnlyForDeploymentPostprocessing = 0;
		};
		73B827CB278F09B9006F0F18 /* Sources */ = {
			isa = PBXSourcesBuildPhase;
			buildActionMask = 2147483647;
			files = (
				73B827D4278F09B9006F0F18 /* NotificationMangementTests.swift in Sources */,
			);
			runOnlyForDeploymentPostprocessing = 0;
		};
		73B827D5278F09B9006F0F18 /* Sources */ = {
			isa = PBXSourcesBuildPhase;
			buildActionMask = 2147483647;
			files = (
				73B827E0278F09B9006F0F18 /* NotificationMangementUITestsLaunchTests.swift in Sources */,
				73B827DE278F09B9006F0F18 /* NotificationMangementUITests.swift in Sources */,
			);
			runOnlyForDeploymentPostprocessing = 0;
		};
/* End PBXSourcesBuildPhase section */

/* Begin PBXTargetDependency section */
		73B827D1278F09B9006F0F18 /* PBXTargetDependency */ = {
			isa = PBXTargetDependency;
			target = 73B827BE278F09B6006F0F18 /* NotificationMangement */;
			targetProxy = 73B827D0278F09B9006F0F18 /* PBXContainerItemProxy */;
		};
		73B827DB278F09B9006F0F18 /* PBXTargetDependency */ = {
			isa = PBXTargetDependency;
			target = 73B827BE278F09B6006F0F18 /* NotificationMangement */;
			targetProxy = 73B827DA278F09B9006F0F18 /* PBXContainerItemProxy */;
		};
/* End PBXTargetDependency section */

/* Begin XCBuildConfiguration section */
		73B827E1278F09B9006F0F18 /* Debug */ = {
			isa = XCBuildConfiguration;
			buildSettings = {
				ALWAYS_SEARCH_USER_PATHS = NO;
				CLANG_ANALYZER_NONNULL = YES;
				CLANG_ANALYZER_NUMBER_OBJECT_CONVERSION = YES_AGGRESSIVE;
				CLANG_CXX_LANGUAGE_STANDARD = "gnu++17";
				CLANG_CXX_LIBRARY = "libc++";
				CLANG_ENABLE_MODULES = YES;
				CLANG_ENABLE_OBJC_ARC = YES;
				CLANG_ENABLE_OBJC_WEAK = YES;
				CLANG_WARN_BLOCK_CAPTURE_AUTORELEASING = YES;
				CLANG_WARN_BOOL_CONVERSION = YES;
				CLANG_WARN_COMMA = YES;
				CLANG_WARN_CONSTANT_CONVERSION = YES;
				CLANG_WARN_DEPRECATED_OBJC_IMPLEMENTATIONS = YES;
				CLANG_WARN_DIRECT_OBJC_ISA_USAGE = YES_ERROR;
				CLANG_WARN_DOCUMENTATION_COMMENTS = YES;
				CLANG_WARN_EMPTY_BODY = YES;
				CLANG_WARN_ENUM_CONVERSION = YES;
				CLANG_WARN_INFINITE_RECURSION = YES;
				CLANG_WARN_INT_CONVERSION = YES;
				CLANG_WARN_NON_LITERAL_NULL_CONVERSION = YES;
				CLANG_WARN_OBJC_IMPLICIT_RETAIN_SELF = YES;
				CLANG_WARN_OBJC_LITERAL_CONVERSION = YES;
				CLANG_WARN_OBJC_ROOT_CLASS = YES_ERROR;
				CLANG_WARN_QUOTED_INCLUDE_IN_FRAMEWORK_HEADER = YES;
				CLANG_WARN_RANGE_LOOP_ANALYSIS = YES;
				CLANG_WARN_STRICT_PROTOTYPES = YES;
				CLANG_WARN_SUSPICIOUS_MOVE = YES;
				CLANG_WARN_UNGUARDED_AVAILABILITY = YES_AGGRESSIVE;
				CLANG_WARN_UNREACHABLE_CODE = YES;
				CLANG_WARN__DUPLICATE_METHOD_MATCH = YES;
				COPY_PHASE_STRIP = NO;
				DEBUG_INFORMATION_FORMAT = dwarf;
				ENABLE_STRICT_OBJC_MSGSEND = YES;
				ENABLE_TESTABILITY = YES;
				GCC_C_LANGUAGE_STANDARD = gnu11;
				GCC_DYNAMIC_NO_PIC = NO;
				GCC_NO_COMMON_BLOCKS = YES;
				GCC_OPTIMIZATION_LEVEL = 0;
				GCC_PREPROCESSOR_DEFINITIONS = (
					"DEBUG=1",
					"$(inherited)",
				);
				GCC_WARN_64_TO_32_BIT_CONVERSION = YES;
				GCC_WARN_ABOUT_RETURN_TYPE = YES_ERROR;
				GCC_WARN_UNDECLARED_SELECTOR = YES;
				GCC_WARN_UNINITIALIZED_AUTOS = YES_AGGRESSIVE;
				GCC_WARN_UNUSED_FUNCTION = YES;
				GCC_WARN_UNUSED_VARIABLE = YES;
				IPHONEOS_DEPLOYMENT_TARGET = 15.0;
				MTL_ENABLE_DEBUG_INFO = INCLUDE_SOURCE;
				MTL_FAST_MATH = YES;
				ONLY_ACTIVE_ARCH = YES;
				SDKROOT = iphoneos;
				SWIFT_ACTIVE_COMPILATION_CONDITIONS = DEBUG;
				SWIFT_OPTIMIZATION_LEVEL = "-Onone";
			};
			name = Debug;
		};
		73B827E2278F09B9006F0F18 /* Release */ = {
			isa = XCBuildConfiguration;
			buildSettings = {
				ALWAYS_SEARCH_USER_PATHS = NO;
				CLANG_ANALYZER_NONNULL = YES;
				CLANG_ANALYZER_NUMBER_OBJECT_CONVERSION = YES_AGGRESSIVE;
				CLANG_CXX_LANGUAGE_STANDARD = "gnu++17";
				CLANG_CXX_LIBRARY = "libc++";
				CLANG_ENABLE_MODULES = YES;
				CLANG_ENABLE_OBJC_ARC = YES;
				CLANG_ENABLE_OBJC_WEAK = YES;
				CLANG_WARN_BLOCK_CAPTURE_AUTORELEASING = YES;
				CLANG_WARN_BOOL_CONVERSION = YES;
				CLANG_WARN_COMMA = YES;
				CLANG_WARN_CONSTANT_CONVERSION = YES;
				CLANG_WARN_DEPRECATED_OBJC_IMPLEMENTATIONS = YES;
				CLANG_WARN_DIRECT_OBJC_ISA_USAGE = YES_ERROR;
				CLANG_WARN_DOCUMENTATION_COMMENTS = YES;
				CLANG_WARN_EMPTY_BODY = YES;
				CLANG_WARN_ENUM_CONVERSION = YES;
				CLANG_WARN_INFINITE_RECURSION = YES;
				CLANG_WARN_INT_CONVERSION = YES;
				CLANG_WARN_NON_LITERAL_NULL_CONVERSION = YES;
				CLANG_WARN_OBJC_IMPLICIT_RETAIN_SELF = YES;
				CLANG_WARN_OBJC_LITERAL_CONVERSION = YES;
				CLANG_WARN_OBJC_ROOT_CLASS = YES_ERROR;
				CLANG_WARN_QUOTED_INCLUDE_IN_FRAMEWORK_HEADER = YES;
				CLANG_WARN_RANGE_LOOP_ANALYSIS = YES;
				CLANG_WARN_STRICT_PROTOTYPES = YES;
				CLANG_WARN_SUSPICIOUS_MOVE = YES;
				CLANG_WARN_UNGUARDED_AVAILABILITY = YES_AGGRESSIVE;
				CLANG_WARN_UNREACHABLE_CODE = YES;
				CLANG_WARN__DUPLICATE_METHOD_MATCH = YES;
				COPY_PHASE_STRIP = NO;
				DEBUG_INFORMATION_FORMAT = "dwarf-with-dsym";
				ENABLE_NS_ASSERTIONS = NO;
				ENABLE_STRICT_OBJC_MSGSEND = YES;
				GCC_C_LANGUAGE_STANDARD = gnu11;
				GCC_NO_COMMON_BLOCKS = YES;
				GCC_WARN_64_TO_32_BIT_CONVERSION = YES;
				GCC_WARN_ABOUT_RETURN_TYPE = YES_ERROR;
				GCC_WARN_UNDECLARED_SELECTOR = YES;
				GCC_WARN_UNINITIALIZED_AUTOS = YES_AGGRESSIVE;
				GCC_WARN_UNUSED_FUNCTION = YES;
				GCC_WARN_UNUSED_VARIABLE = YES;
				IPHONEOS_DEPLOYMENT_TARGET = 15.0;
				MTL_ENABLE_DEBUG_INFO = NO;
				MTL_FAST_MATH = YES;
				SDKROOT = iphoneos;
				SWIFT_COMPILATION_MODE = wholemodule;
				SWIFT_OPTIMIZATION_LEVEL = "-O";
				VALIDATE_PRODUCT = YES;
			};
			name = Release;
		};
		73B827E4278F09B9006F0F18 /* Debug */ = {
			isa = XCBuildConfiguration;
			buildSettings = {
				ASSETCATALOG_COMPILER_APPICON_NAME = AppIcon;
				ASSETCATALOG_COMPILER_GLOBAL_ACCENT_COLOR_NAME = AccentColor;
				CODE_SIGN_ENTITLEMENTS = NotificationMangement/NotificationMangement.entitlements;
				CODE_SIGN_STYLE = Automatic;
				CURRENT_PROJECT_VERSION = 2;
				DEVELOPMENT_ASSET_PATHS = "\"NotificationMangement/Preview Content\"";
				DEVELOPMENT_TEAM = D3GRRL6TZ6;
				ENABLE_PREVIEWS = YES;
				GENERATE_INFOPLIST_FILE = YES;
				INFOPLIST_FILE = NotificationMangement/Info.plist;
				INFOPLIST_KEY_NSLocationWhenInUseUsageDescription = "If necessary the location is used to learn from your location";
				INFOPLIST_KEY_UIApplicationSceneManifest_Generation = YES;
				INFOPLIST_KEY_UIApplicationSupportsIndirectInputEvents = YES;
				INFOPLIST_KEY_UILaunchScreen_Generation = YES;
				INFOPLIST_KEY_UISupportedInterfaceOrientations = UIInterfaceOrientationPortrait;
				INFOPLIST_KEY_UISupportedInterfaceOrientations_iPad = "UIInterfaceOrientationPortrait UIInterfaceOrientationPortraitUpsideDown UIInterfaceOrientationLandscapeLeft UIInterfaceOrientationLandscapeRight";
				INFOPLIST_KEY_UISupportedInterfaceOrientations_iPhone = "UIInterfaceOrientationPortrait UIInterfaceOrientationLandscapeLeft UIInterfaceOrientationLandscapeRight";
				LD_RUNPATH_SEARCH_PATHS = (
					"$(inherited)",
					"@executable_path/Frameworks",
				);
				MARKETING_VERSION = 1.1;
				PRODUCT_BUNDLE_IDENTIFIER = com.pavesialessandro.NotificationManagement;
				PRODUCT_NAME = "$(TARGET_NAME)";
				SWIFT_EMIT_LOC_STRINGS = YES;
				SWIFT_VERSION = 5.0;
				TARGETED_DEVICE_FAMILY = "1,2";
			};
			name = Debug;
		};
		73B827E5278F09B9006F0F18 /* Release */ = {
			isa = XCBuildConfiguration;
			buildSettings = {
				ASSETCATALOG_COMPILER_APPICON_NAME = AppIcon;
				ASSETCATALOG_COMPILER_GLOBAL_ACCENT_COLOR_NAME = AccentColor;
				CODE_SIGN_ENTITLEMENTS = NotificationMangement/NotificationMangement.entitlements;
				CODE_SIGN_STYLE = Automatic;
				CURRENT_PROJECT_VERSION = 2;
				DEVELOPMENT_ASSET_PATHS = "\"NotificationMangement/Preview Content\"";
				DEVELOPMENT_TEAM = D3GRRL6TZ6;
				ENABLE_PREVIEWS = YES;
				GENERATE_INFOPLIST_FILE = YES;
				INFOPLIST_FILE = NotificationMangement/Info.plist;
				INFOPLIST_KEY_NSLocationWhenInUseUsageDescription = "If necessary the location is used to learn from your location";
				INFOPLIST_KEY_UIApplicationSceneManifest_Generation = YES;
				INFOPLIST_KEY_UIApplicationSupportsIndirectInputEvents = YES;
				INFOPLIST_KEY_UILaunchScreen_Generation = YES;
				INFOPLIST_KEY_UISupportedInterfaceOrientations = UIInterfaceOrientationPortrait;
				INFOPLIST_KEY_UISupportedInterfaceOrientations_iPad = "UIInterfaceOrientationPortrait UIInterfaceOrientationPortraitUpsideDown UIInterfaceOrientationLandscapeLeft UIInterfaceOrientationLandscapeRight";
				INFOPLIST_KEY_UISupportedInterfaceOrientations_iPhone = "UIInterfaceOrientationPortrait UIInterfaceOrientationLandscapeLeft UIInterfaceOrientationLandscapeRight";
				LD_RUNPATH_SEARCH_PATHS = (
					"$(inherited)",
					"@executable_path/Frameworks",
				);
				MARKETING_VERSION = 1.1;
				PRODUCT_BUNDLE_IDENTIFIER = com.pavesialessandro.NotificationManagement;
				PRODUCT_NAME = "$(TARGET_NAME)";
				SWIFT_EMIT_LOC_STRINGS = YES;
				SWIFT_VERSION = 5.0;
				TARGETED_DEVICE_FAMILY = "1,2";
			};
			name = Release;
		};
		73B827E7278F09B9006F0F18 /* Debug */ = {
			isa = XCBuildConfiguration;
			buildSettings = {
				ALWAYS_EMBED_SWIFT_STANDARD_LIBRARIES = YES;
				BUNDLE_LOADER = "$(TEST_HOST)";
				CODE_SIGN_STYLE = Automatic;
				CURRENT_PROJECT_VERSION = 1;
				DEVELOPMENT_TEAM = D3GRRL6TZ6;
				GENERATE_INFOPLIST_FILE = YES;
				IPHONEOS_DEPLOYMENT_TARGET = 15.0;
				LD_RUNPATH_SEARCH_PATHS = (
					"$(inherited)",
					"@executable_path/Frameworks",
					"@loader_path/Frameworks",
				);
				MARKETING_VERSION = 1.0;
				PRODUCT_BUNDLE_IDENTIFIER = com.pavesialessandro.NotificationMangementTests;
				PRODUCT_NAME = "$(TARGET_NAME)";
				SWIFT_EMIT_LOC_STRINGS = NO;
				SWIFT_VERSION = 5.0;
				TARGETED_DEVICE_FAMILY = "1,2";
				TEST_HOST = "$(BUILT_PRODUCTS_DIR)/NotificationMangement.app/NotificationMangement";
			};
			name = Debug;
		};
		73B827E8278F09B9006F0F18 /* Release */ = {
			isa = XCBuildConfiguration;
			buildSettings = {
				ALWAYS_EMBED_SWIFT_STANDARD_LIBRARIES = YES;
				BUNDLE_LOADER = "$(TEST_HOST)";
				CODE_SIGN_STYLE = Automatic;
				CURRENT_PROJECT_VERSION = 1;
				DEVELOPMENT_TEAM = D3GRRL6TZ6;
				GENERATE_INFOPLIST_FILE = YES;
				IPHONEOS_DEPLOYMENT_TARGET = 15.0;
				LD_RUNPATH_SEARCH_PATHS = (
					"$(inherited)",
					"@executable_path/Frameworks",
					"@loader_path/Frameworks",
				);
				MARKETING_VERSION = 1.0;
				PRODUCT_BUNDLE_IDENTIFIER = com.pavesialessandro.NotificationMangementTests;
				PRODUCT_NAME = "$(TARGET_NAME)";
				SWIFT_EMIT_LOC_STRINGS = NO;
				SWIFT_VERSION = 5.0;
				TARGETED_DEVICE_FAMILY = "1,2";
				TEST_HOST = "$(BUILT_PRODUCTS_DIR)/NotificationMangement.app/NotificationMangement";
			};
			name = Release;
		};
		73B827EA278F09B9006F0F18 /* Debug */ = {
			isa = XCBuildConfiguration;
			buildSettings = {
				ALWAYS_EMBED_SWIFT_STANDARD_LIBRARIES = YES;
				CODE_SIGN_STYLE = Automatic;
				CURRENT_PROJECT_VERSION = 1;
				DEVELOPMENT_TEAM = D3GRRL6TZ6;
				GENERATE_INFOPLIST_FILE = YES;
				LD_RUNPATH_SEARCH_PATHS = (
					"$(inherited)",
					"@executable_path/Frameworks",
					"@loader_path/Frameworks",
				);
				MARKETING_VERSION = 1.0;
				PRODUCT_BUNDLE_IDENTIFIER = com.pavesialessandro.NotificationMangementUITests;
				PRODUCT_NAME = "$(TARGET_NAME)";
				SWIFT_EMIT_LOC_STRINGS = NO;
				SWIFT_VERSION = 5.0;
				TARGETED_DEVICE_FAMILY = "1,2";
				TEST_TARGET_NAME = NotificationMangement;
			};
			name = Debug;
		};
		73B827EB278F09B9006F0F18 /* Release */ = {
			isa = XCBuildConfiguration;
			buildSettings = {
				ALWAYS_EMBED_SWIFT_STANDARD_LIBRARIES = YES;
				CODE_SIGN_STYLE = Automatic;
				CURRENT_PROJECT_VERSION = 1;
				DEVELOPMENT_TEAM = D3GRRL6TZ6;
				GENERATE_INFOPLIST_FILE = YES;
				LD_RUNPATH_SEARCH_PATHS = (
					"$(inherited)",
					"@executable_path/Frameworks",
					"@loader_path/Frameworks",
				);
				MARKETING_VERSION = 1.0;
				PRODUCT_BUNDLE_IDENTIFIER = com.pavesialessandro.NotificationMangementUITests;
				PRODUCT_NAME = "$(TARGET_NAME)";
				SWIFT_EMIT_LOC_STRINGS = NO;
				SWIFT_VERSION = 5.0;
				TARGETED_DEVICE_FAMILY = "1,2";
				TEST_TARGET_NAME = NotificationMangement;
			};
			name = Release;
		};
/* End XCBuildConfiguration section */

/* Begin XCConfigurationList section */
		73B827BA278F09B6006F0F18 /* Build configuration list for PBXProject "NotificationMangement" */ = {
			isa = XCConfigurationList;
			buildConfigurations = (
				73B827E1278F09B9006F0F18 /* Debug */,
				73B827E2278F09B9006F0F18 /* Release */,
			);
			defaultConfigurationIsVisible = 0;
			defaultConfigurationName = Release;
		};
		73B827E3278F09B9006F0F18 /* Build configuration list for PBXNativeTarget "NotificationMangement" */ = {
			isa = XCConfigurationList;
			buildConfigurations = (
				73B827E4278F09B9006F0F18 /* Debug */,
				73B827E5278F09B9006F0F18 /* Release */,
			);
			defaultConfigurationIsVisible = 0;
			defaultConfigurationName = Release;
		};
		73B827E6278F09B9006F0F18 /* Build configuration list for PBXNativeTarget "NotificationMangementTests" */ = {
			isa = XCConfigurationList;
			buildConfigurations = (
				73B827E7278F09B9006F0F18 /* Debug */,
				73B827E8278F09B9006F0F18 /* Release */,
			);
			defaultConfigurationIsVisible = 0;
			defaultConfigurationName = Release;
		};
		73B827E9278F09B9006F0F18 /* Build configuration list for PBXNativeTarget "NotificationMangementUITests" */ = {
			isa = XCConfigurationList;
			buildConfigurations = (
				73B827EA278F09B9006F0F18 /* Debug */,
				73B827EB278F09B9006F0F18 /* Release */,
			);
			defaultConfigurationIsVisible = 0;
			defaultConfigurationName = Release;
		};
/* End XCConfigurationList section */

/* Begin XCSwiftPackageProductDependency section */
		73EFAA7727D6733F00448A6D /* SwiftRL */ = {
			isa = XCSwiftPackageProductDependency;
			productName = SwiftRL;
		};
/* End XCSwiftPackageProductDependency section */
	};
	rootObject = 73B827B7278F09B6006F0F18 /* Project object */;
}
