{
  "object": {
    "pins": [
      {
        "package": "SwiftLocation",
        "repositoryURL": "https://github.com/malcommac/SwiftLocation.git",
        "state": {
          "branch": null,
          "revision": "f8ec8e97095eb3a5312370ad94b921768217625f",
          "version": "5.1.0"
        }
      }
    ]
  },
  "version": 1
}
